Microsoft Visual Studio Solution File, Format Version 11.00
# Visual Studio 2010
Project("{F184B08F-C81C-45F6-A57F-5ABD9991F28F}") = "ScaleLayoutSample", "ScaleLayoutSample\ScaleLayoutSample.vbproj", "{6503C397-B082-46BF-A5FE-27BE4E46EB39}"
EndProject
Project("{F184B08F-C81C-45F6-A57F-5ABD9991F28F}") = "ScaleLayoutSample.Web", "ScaleLayoutSample.Web\ScaleLayoutSample.Web.vbproj", "{69DE20D0-8251-4C91-8F8F-CA8C232F344B}"
EndProject
Global
	GlobalSection(SolutionConfigurationPlatforms) = preSolution
		Debug|Any CPU = Debug|Any CPU
		Release|Any CPU = Release|Any CPU
	EndGlobalSection
	GlobalSection(ProjectConfigurationPlatforms) = postSolution
		{6503C397-B082-46BF-A5FE-27BE4E46EB39}.Debug|Any CPU.ActiveCfg = Debug|Any CPU
		{6503C397-B082-46BF-A5FE-27BE4E46EB39}.Debug|Any CPU.Build.0 = Debug|Any CPU
		{6503C397-B082-46BF-A5FE-27BE4E46EB39}.Release|Any CPU.ActiveCfg = Release|Any CPU
		{6503C397-B082-46BF-A5FE-27BE4E46EB39}.Release|Any CPU.Build.0 = Release|Any CPU
		{69DE20D0-8251-4C91-8F8F-CA8C232F344B}.Debug|Any CPU.ActiveCfg = Debug|Any CPU
		{69DE20D0-8251-4C91-8F8F-CA8C232F344B}.Debug|Any CPU.Build.0 = Debug|Any CPU
		{69DE20D0-8251-4C91-8F8F-CA8C232F344B}.Release|Any CPU.ActiveCfg = Release|Any CPU
		{69DE20D0-8251-4C91-8F8F-CA8C232F344B}.Release|Any CPU.Build.0 = Release|Any CPU
	EndGlobalSection
	GlobalSection(SolutionProperties) = preSolution
		HideSolutionNode = FALSE
	EndGlobalSection
EndGlobal
